Microsoft Visual Studio Solution File, Format Version 12.00
# Visual Studio Version 17
VisualStudioVersion = 17.5.2.0
MinimumVisualStudioVersion = 10.0.40219.1
Project("{FAE04EC0-301F-11D3-BF4B-00C04F79EFBC}") = "HashSet", "HashSet.csproj", "{23BE3575-3BC0-A4A7-F5E6-9AF47B6A7100}"
EndProject
Global
	GlobalSection(SolutionConfigurationPlatforms) = preSolution
		Debug|Any CPU = Debug|Any CPU
		Release|Any CPU = Release|Any CPU
	EndGlobalSection
	GlobalSection(ProjectConfigurationPlatforms) = postSolution
		{23BE3575-3BC0-A4A7-F5E6-9AF47B6A7100}.Debug|Any CPU.ActiveCfg = Debug|Any CPU
		{23BE3575-3BC0-A4A7-F5E6-9AF47B6A7100}.Debug|Any CPU.Build.0 = Debug|Any CPU
		{23BE3575-3BC0-A4A7-F5E6-9AF47B6A7100}.Release|Any CPU.ActiveCfg = Release|Any CPU
		{23BE3575-3BC0-A4A7-F5E6-9AF47B6A7100}.Release|Any CPU.Build.0 = Release|Any CPU
	EndGlobalSection
	GlobalSection(SolutionProperties) = preSolution
		HideSolutionNode = FALSE
	EndGlobalSection
	GlobalSection(ExtensibilityGlobals) = postSolution
		SolutionGuid = {23B21C27-F95C-4B93-8C05-334A9E51CBD3}
	EndGlobalSection
EndGlobal
